Microsoft Visual Studio Solution File, Format Version 12.00
# Visual Studio Version 17
Project("{FAE04EC0-301F-11D3-BF4B-00C04F79EFBC}") = "MyOwnDb", "src\Shared\Model\MyOwnDb\MyOwnDb.csproj", "{A1B2C3D4-E5F6-4A5B-8C9D-0E1F2A3B4C01}"
EndProject
Project("{FAE04EC0-301F-11D3-BF4B-00C04F79EFBC}") = "Messaging.Abstractions", "src\Shared\Messaging\Messaging.Abstractions\Messaging.Abstractions.csproj", "{A1B2C3D4-E5F6-4A5B-8C9D-0E1F2A3B4C02}"
EndProject
Project("{FAE04EC0-301F-11D3-BF4B-00C04F79EFBC}") = "Messaging.Runtime", "src\Shared\Messaging\Messaging.Runtime\Messaging.Runtime.csproj", "{A1B2C3D4-E5F6-4A5B-8C9D-0E1F2A3B4C03}"
EndProject
Project("{FAE04EC0-301F-11D3-BF4B-00C04F79EFBC}") = "Adapters.Telegram", "src\Shared\Messaging\Adapters.Telegram\Adapters.Telegram.csproj", "{A1B2C3D4-E5F6-4A5B-8C9D-0E1F2A3B4C04}"
EndProject
Project("{FAE04EC0-301F-11D3-BF4B-00C04F79EFBC}") = "Adapters.WhatsApp", "src\Shared\Messaging\Adapters.WhatsApp\Adapters.WhatsApp.csproj", "{A1B2C3D4-E5F6-4A5B-8C9D-0E1F2A3B4C05}"
EndProject
Project("{FAE04EC0-301F-11D3-BF4B-00C04F79EFBC}") = "Adapters.Sms", "src\Shared\Messaging\Adapters.Sms\Adapters.Sms.csproj", "{A1B2C3D4-E5F6-4A5B-8C9D-0E1F2A3B4C06}"
EndProject
Project("{FAE04EC0-301F-11D3-BF4B-00C04F79EFBC}") = "WebSites.Abstractions", "src\Shared\Messaging\WebSites.Abstractions\WebSites.Abstractions.csproj", "{A1B2C3D4-E5F6-4A5B-8C9D-0E1F2A3B4C07}"
EndProject
Project("{FAE04EC0-301F-11D3-BF4B-00C04F79EFBC}") = "WebSites.Runtime", "src\Shared\Messaging\WebSites.Runtime\WebSites.Runtime.csproj", "{A1B2C3D4-E5F6-4A5B-8C9D-0E1F2A3B4C08}"
EndProject
Project("{FAE04EC0-301F-11D3-BF4B-00C04F79EFBC}") = "AgentCore.Abstractions", "src\Shared\Agents\AgentCore.Abstractions\AgentCore.Abstractions.csproj", "{A1B2C3D4-E5F6-4A5B-8C9D-0E1F2A3B4C09}"
EndProject
Project("{FAE04EC0-301F-11D3-BF4B-00C04F79EFBC}") = "AgentCore.Integrations", "src\Shared\Agents\AgentCore.Integrations\AgentCore.Integrations.csproj", "{A1B2C3D4-E5F6-4A5B-8C9D-0E1F2A3B4C0A}"
EndProject
Project("{FAE04EC0-301F-11D3-BF4B-00C04F79EFBC}") = "AgentCore", "src\Shared\Agents\AgentCore\AgentCore.csproj", "{A1B2C3D4-E5F6-4A5B-8C9D-0E1F2A3B4C0B}"
EndProject
Project("{FAE04EC0-301F-11D3-BF4B-00C04F79EFBC}") = "TcpTestClient.Console", "src\Shared\Tools\TcpTestClient.Console\TcpTestClient.Console.csproj", "{A1B2C3D4-E5F6-4A5B-8C9D-0E1F2A3B4C0C}"
EndProject
Global
	GlobalSection(SolutionConfigurationPlatforms) = preSolution
		Debug|Any CPU = Debug|Any CPU
		Release|Any CPU = Release|Any CPU
	EndGlobalSection
	GlobalSection(ProjectConfigurationPlatforms) = postSolution
		{A1B2C3D4-E5F6-4A5B-8C9D-0E1F2A3B4C01}.Debug|Any CPU.ActiveCfg = Debug|Any CPU
		{A1B2C3D4-E5F6-4A5B-8C9D-0E1F2A3B4C01}.Debug|Any CPU.Build.0 = Debug|Any CPU
		{A1B2C3D4-E5F6-4A5B-8C9D-0E1F2A3B4C01}.Release|Any CPU.ActiveCfg = Release|Any CPU
		{A1B2C3D4-E5F6-4A5B-8C9D-0E1F2A3B4C01}.Release|Any CPU.Build.0 = Release|Any CPU
		{A1B2C3D4-E5F6-4A5B-8C9D-0E1F2A3B4C02}.Debug|Any CPU.ActiveCfg = Debug|Any CPU
		{A1B2C3D4-E5F6-4A5B-8C9D-0E1F2A3B4C02}.Debug|Any CPU.Build.0 = Debug|Any CPU
		{A1B2C3D4-E5F6-4A5B-8C9D-0E1F2A3B4C02}.Release|Any CPU.ActiveCfg = Release|Any CPU
		{A1B2C3D4-E5F6-4A5B-8C9D-0E1F2A3B4C02}.Release|Any CPU.Build.0 = Release|Any CPU
		{A1B2C3D4-E5F6-4A5B-8C9D-0E1F2A3B4C03}.Debug|Any CPU.ActiveCfg = Debug|Any CPU
		{A1B2C3D4-E5F6-4A5B-8C9D-0E1F2A3B4C03}.Debug|Any CPU.Build.0 = Debug|Any CPU
		{A1B2C3D4-E5F6-4A5B-8C9D-0E1F2A3B4C03}.Release|Any CPU.ActiveCfg = Release|Any CPU
		{A1B2C3D4-E5F6-4A5B-8C9D-0E1F2A3B4C03}.Release|Any CPU.Build.0 = Release|Any CPU
		{A1B2C3D4-E5F6-4A5B-8C9D-0E1F2A3B4C04}.Debug|Any CPU.ActiveCfg = Debug|Any CPU
		{A1B2C3D4-E5F6-4A5B-8C9D-0E1F2A3B4C04}.Debug|Any CPU.Build.0 = Debug|Any CPU
		{A1B2C3D4-E5F6-4A5B-8C9D-0E1F2A3B4C04}.Release|Any CPU.ActiveCfg = Release|Any CPU
		{A1B2C3D4-E5F6-4A5B-8C9D-0E1F2A3B4C04}.Release|Any CPU.Build.0 = Release|Any CPU
		{A1B2C3D4-E5F6-4A5B-8C9D-0E1F2A3B4C05}.Debug|Any CPU.ActiveCfg = Debug|Any CPU
		{A1B2C3D4-E5F6-4A5B-8C9D-0E1F2A3B4C05}.Debug|Any CPU.Build.0 = Debug|Any CPU
		{A1B2C3D4-E5F6-4A5B-8C9D-0E1F2A3B4C05}.Release|Any CPU.ActiveCfg = Release|Any CPU
		{A1B2C3D4-E5F6-4A5B-8C9D-0E1F2A3B4C05}.Release|Any CPU.Build.0 = Release|Any CPU
		{A1B2C3D4-E5F6-4A5B-8C9D-0E1F2A3B4C06}.Debug|Any CPU.ActiveCfg = Debug|Any CPU
		{A1B2C3D4-E5F6-4A5B-8C9D-0E1F2A3B4C06}.Debug|Any CPU.Build.0 = Debug|Any CPU
		{A1B2C3D4-E5F6-4A5B-8C9D-0E1F2A3B4C06}.Release|Any CPU.ActiveCfg = Release|Any CPU
		{A1B2C3D4-E5F6-4A5B-8C9D-0E1F2A3B4C06}.Release|Any CPU.Build.0 = Release|Any CPU
		{A1B2C3D4-E5F6-4A5B-8C9D-0E1F2A3B4C07}.Debug|Any CPU.ActiveCfg = Debug|Any CPU
		{A1B2C3D4-E5F6-4A5B-8C9D-0E1F2A3B4C07}.Debug|Any CPU.Build.0 = Debug|Any CPU
		{A1B2C3D4-E5F6-4A5B-8C9D-0E1F2A3B4C07}.Release|Any CPU.ActiveCfg = Release|Any CPU
		{A1B2C3D4-E5F6-4A5B-8C9D-0E1F2A3B4C07}.Release|Any CPU.Build.0 = Release|Any CPU
		{A1B2C3D4-E5F6-4A5B-8C9D-0E1F2A3B4C08}.Debug|Any CPU.ActiveCfg = Debug|Any CPU
		{A1B2C3D4-E5F6-4A5B-8C9D-0E1F2A3B4C08}.Debug|Any CPU.Build.0 = Debug|Any CPU
		{A1B2C3D4-E5F6-4A5B-8C9D-0E1F2A3B4C08}.Release|Any CPU.ActiveCfg = Release|Any CPU
		{A1B2C3D4-E5F6-4A5B-8C9D-0E1F2A3B4C08}.Release|Any CPU.Build.0 = Release|Any CPU
		{A1B2C3D4-E5F6-4A5B-8C9D-0E1F2A3B4C09}.Debug|Any CPU.ActiveCfg = Debug|Any CPU
		{A1B2C3D4-E5F6-4A5B-8C9D-0E1F2A3B4C09}.Debug|Any CPU.Build.0 = Debug|Any CPU
		{A1B2C3D4-E5F6-4A5B-8C9D-0E1F2A3B4C09}.Release|Any CPU.ActiveCfg = Release|Any CPU
		{A1B2C3D4-E5F6-4A5B-8C9D-0E1F2A3B4C09}.Release|Any CPU.Build.0 = Release|Any CPU
		{A1B2C3D4-E5F6-4A5B-8C9D-0E1F2A3B4C0A}.Debug|Any CPU.ActiveCfg = Debug|Any CPU
		{A1B2C3D4-E5F6-4A5B-8C9D-0E1F2A3B4C0A}.Debug|Any CPU.Build.0 = Debug|Any CPU
		{A1B2C3D4-E5F6-4A5B-8C9D-0E1F2A3B4C0A}.Release|Any CPU.ActiveCfg = Release|Any CPU
		{A1B2C3D4-E5F6-4A5B-8C9D-0E1F2A3B4C0A}.Release|Any CPU.Build.0 = Release|Any CPU
		{A1B2C3D4-E5F6-4A5B-8C9D-0E1F2A3B4C0B}.Debug|Any CPU.ActiveCfg = Debug|Any CPU
		{A1B2C3D4-E5F6-4A5B-8C9D-0E1F2A3B4C0B}.Debug|Any CPU.Build.0 = Debug|Any CPU
		{A1B2C3D4-E5F6-4A5B-8C9D-0E1F2A3B4C0B}.Release|Any CPU.ActiveCfg = Release|Any CPU
		{A1B2C3D4-E5F6-4A5B-8C9D-0E1F2A3B4C0B}.Release|Any CPU.Build.0 = Release|Any CPU
		{A1B2C3D4-E5F6-4A5B-8C9D-0E1F2A3B4C0C}.Debug|Any CPU.ActiveCfg = Debug|Any CPU
		{A1B2C3D4-E5F6-4A5B-8C9D-0E1F2A3B4C0C}.Debug|Any CPU.Build.0 = Debug|Any CPU
		{A1B2C3D4-E5F6-4A5B-8C9D-0E1F2A3B4C0C}.Release|Any CPU.ActiveCfg = Release|Any CPU
		{A1B2C3D4-E5F6-4A5B-8C9D-0E1F2A3B4C0C}.Release|Any CPU.Build.0 = Release|Any CPU
	EndGlobalSection
EndGlobal
