
Microsoft Visual Studio Solution File, Format Version 12.00
# Visual Studio Version 17
Project("{FAE04EC0-301F-11D3-BF4B-00C04F79EFBC}") = "MyOwnDb", "src\Shared\Model\MyOwnDb\MyOwnDb.csproj", "{A1B2C3D4-E5F6-4A5B-8C9D-0E1F2A3B4C01}"
EndProject
Project("{FAE04EC0-301F-11D3-BF4B-00C04F79EFBC}") = "Messaging.Abstractions", "src\Shared\Messaging\Messaging.Abstractions\Messaging.Abstractions.csproj", "{A1B2C3D4-E5F6-4A5B-8C9D-0E1F2A3B4C02}"
EndProject
Project("{FAE04EC0-301F-11D3-BF4B-00C04F79EFBC}") = "Messaging.Runtime", "src\Shared\Messaging\Messaging.Runtime\Messaging.Runtime.csproj", "{A1B2C3D4-E5F6-4A5B-8C9D-0E1F2A3B4C03}"
EndProject
Project("{FAE04EC0-301F-11D3-BF4B-00C04F79EFBC}") = "Adapters.Telegram", "src\Shared\Messaging\Adapters.Telegram\Adapters.Telegram.csproj", "{A1B2C3D4-E5F6-4A5B-8C9D-0E1F2A3B4C04}"
EndProject
Project("{FAE04EC0-301F-11D3-BF4B-00C04F79EFBC}") = "Adapters.WhatsApp", "src\Shared\Messaging\Adapters.WhatsApp\Adapters.WhatsApp.csproj", "{A1B2C3D4-E5F6-4A5B-8C9D-0E1F2A3B4C05}"
EndProject
Project("{FAE04EC0-301F-11D3-BF4B-00C04F79EFBC}") = "Adapters.Sms", "src\Shared\Messaging\Adapters.Sms\Adapters.Sms.csproj", "{A1B2C3D4-E5F6-4A5B-8C9D-0E1F2A3B4C06}"
EndProject
Project("{FAE04EC0-301F-11D3-BF4B-00C04F79EFBC}") = "Adapters.TcpTest", "src\Shared\Messaging\Adapters.TcpTest\Adapters.TcpTest.csproj", "{A1B2C3D4-E5F6-4A5B-8C9D-0E1F2A3B4C0D}"
EndProject
Project("{FAE04EC0-301F-11D3-BF4B-00C04F79EFBC}") = "WebSites.Abstractions", "src\Shared\Messaging\WebSites.Abstractions\WebSites.Abstractions.csproj", "{A1B2C3D4-E5F6-4A5B-8C9D-0E1F2A3B4C07}"
EndProject
Project("{FAE04EC0-301F-11D3-BF4B-00C04F79EFBC}") = "WebSites.Runtime", "src\Shared\Messaging\WebSites.Runtime\WebSites.Runtime.csproj", "{A1B2C3D4-E5F6-4A5B-8C9D-0E1F2A3B4C08}"
EndProject
Project("{FAE04EC0-301F-11D3-BF4B-00C04F79EFBC}") = "AgentCore.Abstractions", "src\Shared\Agents\AgentCore.Abstractions\AgentCore.Abstractions.csproj", "{A1B2C3D4-E5F6-4A5B-8C9D-0E1F2A3B4C09}"
EndProject
Project("{FAE04EC0-301F-11D3-BF4B-00C04F79EFBC}") = "AgentCore.Integrations", "src\Shared\Agents\AgentCore.Integrations\AgentCore.Integrations.csproj", "{A1B2C3D4-E5F6-4A5B-8C9D-0E1F2A3B4C0A}"
EndProject
Project("{FAE04EC0-301F-11D3-BF4B-00C04F79EFBC}") = "AgentCore", "src\Shared\Agents\AgentCore\AgentCore.csproj", "{A1B2C3D4-E5F6-4A5B-8C9D-0E1F2A3B4C0B}"
EndProject
Project("{FAE04EC0-301F-11D3-BF4B-00C04F79EFBC}") = "TcpTestClient.Console", "src\Shared\Tools\TcpTestClient.Console\TcpTestClient.Console.csproj", "{A1B2C3D4-E5F6-4A5B-8C9D-0E1F2A3B4C0C}"
EndProject
Project("{2150E333-8FDC-42A3-9474-1A3956D46DE8}") = "src", "src", "{827E0CD3-B72D-47B6-A68D-7590B98EB39B}"
EndProject
Project("{2150E333-8FDC-42A3-9474-1A3956D46DE8}") = "Products", "Products", "{5B7800DA-4F27-D549-7B13-D06F33AE47BF}"
EndProject
Project("{2150E333-8FDC-42A3-9474-1A3956D46DE8}") = "ProductA", "ProductA", "{50E9AAF1-C44D-4245-B611-B808FC94AC25}"
EndProject
Project("{FAE04EC0-301F-11D3-BF4B-00C04F79EFBC}") = "ProductA.Api", "src\Products\ProductA\ProductA.Api\ProductA.Api.csproj", "{23B8205D-C256-4604-A824-830E4365F7D8}"
EndProject
Project("{2150E333-8FDC-42A3-9474-1A3956D46DE8}") = "Messaging", "Messaging", "{26C290AE-B74F-4AA4-C322-D2CAB96C8938}"
EndProject
Project("{FAE04EC0-301F-11D3-BF4B-00C04F79EFBC}") = "ProductA.AdapterInit", "src\Products\ProductA\Messaging\ProductA.AdapterInit\ProductA.AdapterInit.csproj", "{E3C972F6-D74C-4868-A8A7-E201A45EDA83}"
EndProject
Project("{2150E333-8FDC-42A3-9474-1A3956D46DE8}") = "Shared", "Shared", "{C8E42992-5E42-0C2B-DBFE-AA848D06431C}"
EndProject
Project("{2150E333-8FDC-42A3-9474-1A3956D46DE8}") = "Messaging", "Messaging", "{8A42B749-7AEC-F68C-F1FF-556CA2FB68D6}"
EndProject
Project("{FAE04EC0-301F-11D3-BF4B-00C04F79EFBC}") = "ProductA.MessageHandlers", "src\Products\ProductA\Messaging\ProductA.MessageHandlers\ProductA.MessageHandlers.csproj", "{7AB1354B-39FC-4062-AD1A-0B55AAE811EE}"
EndProject
Project("{2150E333-8FDC-42A3-9474-1A3956D46DE8}") = "Agents", "Agents", "{41C37856-84DD-28DD-978A-08E543FA9966}"
EndProject
Project("{2150E333-8FDC-42A3-9474-1A3956D46DE8}") = "Agents", "Agents", "{C2829EAC-9F26-1C05-052D-5309DAB440A5}"
EndProject
Project("{FAE04EC0-301F-11D3-BF4B-00C04F79EFBC}") = "ProductA.AgentPolicies", "src\Products\ProductA\Agents\ProductA.AgentPolicies\ProductA.AgentPolicies.csproj", "{BAB3D6F9-BA96-47A8-874F-55898B91A1D6}"
EndProject
Project("{FAE04EC0-301F-11D3-BF4B-00C04F79EFBC}") = "ProductA.ProjectFlows", "src\Products\ProductA\Agents\ProductA.ProjectFlows\ProductA.ProjectFlows.csproj", "{9B0C743E-936B-43C0-B37F-11DC2AB3F10F}"
EndProject
Project("{FAE04EC0-301F-11D3-BF4B-00C04F79EFBC}") = "ProductA.MessageFlows", "src\Products\ProductA\Messaging\ProductA.MessageFlows\ProductA.MessageFlows.csproj", "{6BE1A06C-53FD-4D48-AE18-0234DDD2FBD4}"
EndProject
Project("{FAE04EC0-301F-11D3-BF4B-00C04F79EFBC}") = "ProductA.AgentImplementations", "src\Products\ProductA\Agents\ProductA.AgentImplementations\ProductA.AgentImplementations.csproj", "{7C3E17C9-E7AC-403F-B57B-DB260D9B99E3}"
EndProject
Project("{FAE04EC0-301F-11D3-BF4B-00C04F79EFBC}") = "ProductA.Worker", "src\Products\ProductA\ProductA.Worker\ProductA.Worker.csproj", "{71A0E22C-E7AB-4658-9EE2-CD299C4018F4}"
EndProject
Project("{2150E333-8FDC-42A3-9474-1A3956D46DE8}") = "AgentForSite", "AgentForSite", "{E2271F62-42DE-32A2-31F3-92E3707BBCC8}"
EndProject
Project("{FAE04EC0-301F-11D3-BF4B-00C04F79EFBC}") = "AgentForSite.Api", "src\Products\AgentForSite\AgentForSite.Api\AgentForSite.Api.csproj", "{C2FE5B5A-799A-4A41-BDB7-F555AB5709E6}"
EndProject
Project("{FAE04EC0-301F-11D3-BF4B-00C04F79EFBC}") = "AgentForSite.AdapterInit", "src\Products\AgentForSite\Messaging\AgentForSite.AdapterInit\AgentForSite.AdapterInit.csproj", "{6C8E01DD-56FB-46A7-AF6C-D479FDB518A1}"
EndProject
Project("{FAE04EC0-301F-11D3-BF4B-00C04F79EFBC}") = "AgentForSite.WebAdapter", "src\Products\AgentForSite\Messaging\AgentForSite.WebAdapter\AgentForSite.WebAdapter.csproj", "{C3ED76E0-4356-43BB-A97E-DFE6CAE1CF1C}"
EndProject
Project("{FAE04EC0-301F-11D3-BF4B-00C04F79EFBC}") = "AgentForSite.AgentPolicies", "src\Products\AgentForSite\Agents\AgentForSite.AgentPolicies\AgentForSite.AgentPolicies.csproj", "{359DE895-03F8-4DE5-82DA-F8D9955E9D4A}"
EndProject
Project("{FAE04EC0-301F-11D3-BF4B-00C04F79EFBC}") = "AgentForSite.ProjectFlows", "src\Products\AgentForSite\Agents\AgentForSite.ProjectFlows\AgentForSite.ProjectFlows.csproj", "{91B9FC47-C4FE-448C-8D3D-EE9D27A2F98D}"
EndProject
Project("{FAE04EC0-301F-11D3-BF4B-00C04F79EFBC}") = "AgentForSite.AgentImplementations", "src\Products\AgentForSite\Agents\AgentForSite.AgentImplementations\AgentForSite.AgentImplementations.csproj", "{D5A42F8A-4D55-404D-AC19-4D5CBAA5736F}"
EndProject
Project("{2150E333-8FDC-42A3-9474-1A3956D46DE8}") = "Messaging", "Messaging", "{25AB9BA9-C6F4-74E0-6BA6-37970269C7CD}"
EndProject
Project("{2150E333-8FDC-42A3-9474-1A3956D46DE8}") = "Agents", "Agents", "{BF499AF0-BCB5-95A5-5331-BB4299F53C9E}"
EndProject
Project("{2150E333-8FDC-42A3-9474-1A3956D46DE8}") = "Products", "Products", "{91DB166F-8FA8-D710-9FF9-784B929F57E0}"
EndProject
Project("{2150E333-8FDC-42A3-9474-1A3956D46DE8}") = "AgentForSite", "AgentForSite", "{6DD1E7F3-75F3-4350-83BD-6291EDF07B2D}"
EndProject
Project("{FAE04EC0-301F-11D3-BF4B-00C04F79EFBC}") = "AgentForSite.Worker", "src\Products\AgentForSite\AgentForSite.Worker\AgentForSite.Worker.csproj", "{3A312947-5A60-4B01-9275-FE15368EF042}"
EndProject
Project("{2150E333-8FDC-42A3-9474-1A3956D46DE8}") = "Tools", "Tools", "{DF38E342-0ABA-9DD7-08A5-0DCAED45F908}"
EndProject
Project("{FAE04EC0-301F-11D3-BF4B-00C04F79EFBC}") = "MyrtanaAdminTelegramm", "src\Shared\Tools\MyrtanaAdminTelegramm\MyrtanaAdminTelegramm.csproj", "{298064A7-5612-4737-A772-6611AE0C46A0}"
EndProject
Project("{2150E333-8FDC-42A3-9474-1A3956D46DE8}") = "LinguaBot", "LinguaBot", "{E7096D9E-8BA6-5E68-0D3E-7E11964629C6}"
EndProject
Project("{2150E333-8FDC-42A3-9474-1A3956D46DE8}") = "Domain", "Domain", "{E14E9D16-2336-D3F2-F218-CFCD0DC88023}"
EndProject
Project("{FAE04EC0-301F-11D3-BF4B-00C04F79EFBC}") = "LinguaBot.Domain", "src\Products\LinguaBot\Domain\LinguaBot.Domain\LinguaBot.Domain.csproj", "{F5F5DDDB-4007-414A-804F-6DD05888E15D}"
EndProject
Project("{2150E333-8FDC-42A3-9474-1A3956D46DE8}") = "Data", "Data", "{787DA0AD-3D3B-0DD6-1A1C-FE7C0458172C}"
EndProject
Project("{FAE04EC0-301F-11D3-BF4B-00C04F79EFBC}") = "LinguaBot.Data", "src\Products\LinguaBot\Data\LinguaBot.Data\LinguaBot.Data.csproj", "{421537FB-FC51-48DB-9E52-BB91BD3BC1C5}"
EndProject
Project("{2150E333-8FDC-42A3-9474-1A3956D46DE8}") = "Agents", "Agents", "{34573A7A-EEDA-544E-E1DF-C7D62797AD62}"
EndProject
Project("{FAE04EC0-301F-11D3-BF4B-00C04F79EFBC}") = "LinguaBot.Agent", "src\Products\LinguaBot\Agents\LinguaBot.Agent\LinguaBot.Agent.csproj", "{1A14D8BA-404D-43E4-8FB8-575FEB675B13}"
EndProject
Project("{2150E333-8FDC-42A3-9474-1A3956D46DE8}") = "Messaging", "Messaging", "{6E78CEDF-57C6-06A7-C6E2-26FEF3D12F91}"
EndProject
Project("{FAE04EC0-301F-11D3-BF4B-00C04F79EFBC}") = "LinguaBot.MessageHandlers", "src\Products\LinguaBot\Messaging\LinguaBot.MessageHandlers\LinguaBot.MessageHandlers.csproj", "{99CB54EF-BA60-4230-AC19-13C6BD7575DB}"
EndProject
Project("{FAE04EC0-301F-11D3-BF4B-00C04F79EFBC}") = "LinguaBot.AdapterInit", "src\Products\LinguaBot\Messaging\LinguaBot.AdapterInit\LinguaBot.AdapterInit.csproj", "{F7DA9BDA-4A37-4CA5-BD8B-38D6D7B0DA17}"
EndProject
Project("{FAE04EC0-301F-11D3-BF4B-00C04F79EFBC}") = "LinguaBot.Api", "src\Products\LinguaBot\LinguaBot.Api\LinguaBot.Api.csproj", "{381B927C-E240-4967-9FF0-70B09CB51D93}"
EndProject
Project("{2150E333-8FDC-42A3-9474-1A3956D46DE8}") = "Scheduler", "Scheduler", "{C7BD0ECF-5F24-CFFA-DDD4-C28A8EDDB5E4}"
EndProject
Project("{FAE04EC0-301F-11D3-BF4B-00C04F79EFBC}") = "LinguaBot.Scheduler", "src\Products\LinguaBot\Scheduler\LinguaBot.Scheduler\LinguaBot.Scheduler.csproj", "{06CD81E8-4D72-43BF-A6B3-7730991C2A9F}"
EndProject
Global
	GlobalSection(SolutionConfigurationPlatforms) = preSolution
		Debug|Any CPU = Debug|Any CPU
		Debug|x64 = Debug|x64
		Debug|x86 = Debug|x86
		Release|Any CPU = Release|Any CPU
		Release|x64 = Release|x64
		Release|x86 = Release|x86
	EndGlobalSection
	GlobalSection(ProjectConfigurationPlatforms) = postSolution
		{A1B2C3D4-E5F6-4A5B-8C9D-0E1F2A3B4C01}.Debug|Any CPU.ActiveCfg = Debug|Any CPU
		{A1B2C3D4-E5F6-4A5B-8C9D-0E1F2A3B4C01}.Debug|Any CPU.Build.0 = Debug|Any CPU
		{A1B2C3D4-E5F6-4A5B-8C9D-0E1F2A3B4C01}.Debug|x64.ActiveCfg = Debug|Any CPU
		{A1B2C3D4-E5F6-4A5B-8C9D-0E1F2A3B4C01}.Debug|x64.Build.0 = Debug|Any CPU
		{A1B2C3D4-E5F6-4A5B-8C9D-0E1F2A3B4C01}.Debug|x86.ActiveCfg = Debug|Any CPU
		{A1B2C3D4-E5F6-4A5B-8C9D-0E1F2A3B4C01}.Debug|x86.Build.0 = Debug|Any CPU
		{A1B2C3D4-E5F6-4A5B-8C9D-0E1F2A3B4C01}.Release|Any CPU.ActiveCfg = Release|Any CPU
		{A1B2C3D4-E5F6-4A5B-8C9D-0E1F2A3B4C01}.Release|Any CPU.Build.0 = Release|Any CPU
		{A1B2C3D4-E5F6-4A5B-8C9D-0E1F2A3B4C01}.Release|x64.ActiveCfg = Release|Any CPU
		{A1B2C3D4-E5F6-4A5B-8C9D-0E1F2A3B4C01}.Release|x64.Build.0 = Release|Any CPU
		{A1B2C3D4-E5F6-4A5B-8C9D-0E1F2A3B4C01}.Release|x86.ActiveCfg = Release|Any CPU
		{A1B2C3D4-E5F6-4A5B-8C9D-0E1F2A3B4C01}.Release|x86.Build.0 = Release|Any CPU
		{A1B2C3D4-E5F6-4A5B-8C9D-0E1F2A3B4C02}.Debug|Any CPU.ActiveCfg = Debug|Any CPU
		{A1B2C3D4-E5F6-4A5B-8C9D-0E1F2A3B4C02}.Debug|Any CPU.Build.0 = Debug|Any CPU
		{A1B2C3D4-E5F6-4A5B-8C9D-0E1F2A3B4C02}.Debug|x64.ActiveCfg = Debug|Any CPU
		{A1B2C3D4-E5F6-4A5B-8C9D-0E1F2A3B4C02}.Debug|x64.Build.0 = Debug|Any CPU
		{A1B2C3D4-E5F6-4A5B-8C9D-0E1F2A3B4C02}.Debug|x86.ActiveCfg = Debug|Any CPU
		{A1B2C3D4-E5F6-4A5B-8C9D-0E1F2A3B4C02}.Debug|x86.Build.0 = Debug|Any CPU
		{A1B2C3D4-E5F6-4A5B-8C9D-0E1F2A3B4C02}.Release|Any CPU.ActiveCfg = Release|Any CPU
		{A1B2C3D4-E5F6-4A5B-8C9D-0E1F2A3B4C02}.Release|Any CPU.Build.0 = Release|Any CPU
		{A1B2C3D4-E5F6-4A5B-8C9D-0E1F2A3B4C02}.Release|x64.ActiveCfg = Release|Any CPU
		{A1B2C3D4-E5F6-4A5B-8C9D-0E1F2A3B4C02}.Release|x64.Build.0 = Release|Any CPU
		{A1B2C3D4-E5F6-4A5B-8C9D-0E1F2A3B4C02}.Release|x86.ActiveCfg = Release|Any CPU
		{A1B2C3D4-E5F6-4A5B-8C9D-0E1F2A3B4C02}.Release|x86.Build.0 = Release|Any CPU
		{A1B2C3D4-E5F6-4A5B-8C9D-0E1F2A3B4C03}.Debug|Any CPU.ActiveCfg = Debug|Any CPU
		{A1B2C3D4-E5F6-4A5B-8C9D-0E1F2A3B4C03}.Debug|Any CPU.Build.0 = Debug|Any CPU
		{A1B2C3D4-E5F6-4A5B-8C9D-0E1F2A3B4C03}.Debug|x64.ActiveCfg = Debug|Any CPU
		{A1B2C3D4-E5F6-4A5B-8C9D-0E1F2A3B4C03}.Debug|x64.Build.0 = Debug|Any CPU
		{A1B2C3D4-E5F6-4A5B-8C9D-0E1F2A3B4C03}.Debug|x86.ActiveCfg = Debug|Any CPU
		{A1B2C3D4-E5F6-4A5B-8C9D-0E1F2A3B4C03}.Debug|x86.Build.0 = Debug|Any CPU
		{A1B2C3D4-E5F6-4A5B-8C9D-0E1F2A3B4C03}.Release|Any CPU.ActiveCfg = Release|Any CPU
		{A1B2C3D4-E5F6-4A5B-8C9D-0E1F2A3B4C03}.Release|Any CPU.Build.0 = Release|Any CPU
		{A1B2C3D4-E5F6-4A5B-8C9D-0E1F2A3B4C03}.Release|x64.ActiveCfg = Release|Any CPU
		{A1B2C3D4-E5F6-4A5B-8C9D-0E1F2A3B4C03}.Release|x64.Build.0 = Release|Any CPU
		{A1B2C3D4-E5F6-4A5B-8C9D-0E1F2A3B4C03}.Release|x86.ActiveCfg = Release|Any CPU
		{A1B2C3D4-E5F6-4A5B-8C9D-0E1F2A3B4C03}.Release|x86.Build.0 = Release|Any CPU
		{A1B2C3D4-E5F6-4A5B-8C9D-0E1F2A3B4C04}.Debug|Any CPU.ActiveCfg = Debug|Any CPU
		{A1B2C3D4-E5F6-4A5B-8C9D-0E1F2A3B4C04}.Debug|Any CPU.Build.0 = Debug|Any CPU
		{A1B2C3D4-E5F6-4A5B-8C9D-0E1F2A3B4C04}.Debug|x64.ActiveCfg = Debug|Any CPU
		{A1B2C3D4-E5F6-4A5B-8C9D-0E1F2A3B4C04}.Debug|x64.Build.0 = Debug|Any CPU
		{A1B2C3D4-E5F6-4A5B-8C9D-0E1F2A3B4C04}.Debug|x86.ActiveCfg = Debug|Any CPU
		{A1B2C3D4-E5F6-4A5B-8C9D-0E1F2A3B4C04}.Debug|x86.Build.0 = Debug|Any CPU
		{A1B2C3D4-E5F6-4A5B-8C9D-0E1F2A3B4C04}.Release|Any CPU.ActiveCfg = Release|Any CPU
		{A1B2C3D4-E5F6-4A5B-8C9D-0E1F2A3B4C04}.Release|Any CPU.Build.0 = Release|Any CPU
		{A1B2C3D4-E5F6-4A5B-8C9D-0E1F2A3B4C04}.Release|x64.ActiveCfg = Release|Any CPU
		{A1B2C3D4-E5F6-4A5B-8C9D-0E1F2A3B4C04}.Release|x64.Build.0 = Release|Any CPU
		{A1B2C3D4-E5F6-4A5B-8C9D-0E1F2A3B4C04}.Release|x86.ActiveCfg = Release|Any CPU
		{A1B2C3D4-E5F6-4A5B-8C9D-0E1F2A3B4C04}.Release|x86.Build.0 = Release|Any CPU
		{A1B2C3D4-E5F6-4A5B-8C9D-0E1F2A3B4C05}.Debug|Any CPU.ActiveCfg = Debug|Any CPU
		{A1B2C3D4-E5F6-4A5B-8C9D-0E1F2A3B4C05}.Debug|Any CPU.Build.0 = Debug|Any CPU
		{A1B2C3D4-E5F6-4A5B-8C9D-0E1F2A3B4C05}.Debug|x64.ActiveCfg = Debug|Any CPU
		{A1B2C3D4-E5F6-4A5B-8C9D-0E1F2A3B4C05}.Debug|x64.Build.0 = Debug|Any CPU
		{A1B2C3D4-E5F6-4A5B-8C9D-0E1F2A3B4C05}.Debug|x86.ActiveCfg = Debug|Any CPU
		{A1B2C3D4-E5F6-4A5B-8C9D-0E1F2A3B4C05}.Debug|x86.Build.0 = Debug|Any CPU
		{A1B2C3D4-E5F6-4A5B-8C9D-0E1F2A3B4C05}.Release|Any CPU.ActiveCfg = Release|Any CPU
		{A1B2C3D4-E5F6-4A5B-8C9D-0E1F2A3B4C05}.Release|Any CPU.Build.0 = Release|Any CPU
		{A1B2C3D4-E5F6-4A5B-8C9D-0E1F2A3B4C05}.Release|x64.ActiveCfg = Release|Any CPU
		{A1B2C3D4-E5F6-4A5B-8C9D-0E1F2A3B4C05}.Release|x64.Build.0 = Release|Any CPU
		{A1B2C3D4-E5F6-4A5B-8C9D-0E1F2A3B4C05}.Release|x86.ActiveCfg = Release|Any CPU
		{A1B2C3D4-E5F6-4A5B-8C9D-0E1F2A3B4C05}.Release|x86.Build.0 = Release|Any CPU
		{A1B2C3D4-E5F6-4A5B-8C9D-0E1F2A3B4C06}.Debug|Any CPU.ActiveCfg = Debug|Any CPU
		{A1B2C3D4-E5F6-4A5B-8C9D-0E1F2A3B4C06}.Debug|Any CPU.Build.0 = Debug|Any CPU
		{A1B2C3D4-E5F6-4A5B-8C9D-0E1F2A3B4C06}.Debug|x64.ActiveCfg = Debug|Any CPU
		{A1B2C3D4-E5F6-4A5B-8C9D-0E1F2A3B4C06}.Debug|x64.Build.0 = Debug|Any CPU
		{A1B2C3D4-E5F6-4A5B-8C9D-0E1F2A3B4C06}.Debug|x86.ActiveCfg = Debug|Any CPU
		{A1B2C3D4-E5F6-4A5B-8C9D-0E1F2A3B4C06}.Debug|x86.Build.0 = Debug|Any CPU
		{A1B2C3D4-E5F6-4A5B-8C9D-0E1F2A3B4C06}.Release|Any CPU.ActiveCfg = Release|Any CPU
		{A1B2C3D4-E5F6-4A5B-8C9D-0E1F2A3B4C06}.Release|Any CPU.Build.0 = Release|Any CPU
		{A1B2C3D4-E5F6-4A5B-8C9D-0E1F2A3B4C06}.Release|x64.ActiveCfg = Release|Any CPU
		{A1B2C3D4-E5F6-4A5B-8C9D-0E1F2A3B4C06}.Release|x64.Build.0 = Release|Any CPU
		{A1B2C3D4-E5F6-4A5B-8C9D-0E1F2A3B4C06}.Release|x86.ActiveCfg = Release|Any CPU
		{A1B2C3D4-E5F6-4A5B-8C9D-0E1F2A3B4C06}.Release|x86.Build.0 = Release|Any CPU
		{A1B2C3D4-E5F6-4A5B-8C9D-0E1F2A3B4C0D}.Debug|Any CPU.ActiveCfg = Debug|Any CPU
		{A1B2C3D4-E5F6-4A5B-8C9D-0E1F2A3B4C0D}.Debug|Any CPU.Build.0 = Debug|Any CPU
		{A1B2C3D4-E5F6-4A5B-8C9D-0E1F2A3B4C0D}.Debug|x64.ActiveCfg = Debug|Any CPU
		{A1B2C3D4-E5F6-4A5B-8C9D-0E1F2A3B4C0D}.Debug|x64.Build.0 = Debug|Any CPU
		{A1B2C3D4-E5F6-4A5B-8C9D-0E1F2A3B4C0D}.Debug|x86.ActiveCfg = Debug|Any CPU
		{A1B2C3D4-E5F6-4A5B-8C9D-0E1F2A3B4C0D}.Debug|x86.Build.0 = Debug|Any CPU
		{A1B2C3D4-E5F6-4A5B-8C9D-0E1F2A3B4C0D}.Release|Any CPU.ActiveCfg = Release|Any CPU
		{A1B2C3D4-E5F6-4A5B-8C9D-0E1F2A3B4C0D}.Release|Any CPU.Build.0 = Release|Any CPU
		{A1B2C3D4-E5F6-4A5B-8C9D-0E1F2A3B4C0D}.Release|x64.ActiveCfg = Release|Any CPU
		{A1B2C3D4-E5F6-4A5B-8C9D-0E1F2A3B4C0D}.Release|x64.Build.0 = Release|Any CPU
		{A1B2C3D4-E5F6-4A5B-8C9D-0E1F2A3B4C0D}.Release|x86.ActiveCfg = Release|Any CPU
		{A1B2C3D4-E5F6-4A5B-8C9D-0E1F2A3B4C0D}.Release|x86.Build.0 = Release|Any CPU
		{A1B2C3D4-E5F6-4A5B-8C9D-0E1F2A3B4C07}.Debug|Any CPU.ActiveCfg = Debug|Any CPU
		{A1B2C3D4-E5F6-4A5B-8C9D-0E1F2A3B4C07}.Debug|Any CPU.Build.0 = Debug|Any CPU
		{A1B2C3D4-E5F6-4A5B-8C9D-0E1F2A3B4C07}.Debug|x64.ActiveCfg = Debug|Any CPU
		{A1B2C3D4-E5F6-4A5B-8C9D-0E1F2A3B4C07}.Debug|x64.Build.0 = Debug|Any CPU
		{A1B2C3D4-E5F6-4A5B-8C9D-0E1F2A3B4C07}.Debug|x86.ActiveCfg = Debug|Any CPU
		{A1B2C3D4-E5F6-4A5B-8C9D-0E1F2A3B4C07}.Debug|x86.Build.0 = Debug|Any CPU
		{A1B2C3D4-E5F6-4A5B-8C9D-0E1F2A3B4C07}.Release|Any CPU.ActiveCfg = Release|Any CPU
		{A1B2C3D4-E5F6-4A5B-8C9D-0E1F2A3B4C07}.Release|Any CPU.Build.0 = Release|Any CPU
		{A1B2C3D4-E5F6-4A5B-8C9D-0E1F2A3B4C07}.Release|x64.ActiveCfg = Release|Any CPU
		{A1B2C3D4-E5F6-4A5B-8C9D-0E1F2A3B4C07}.Release|x64.Build.0 = Release|Any CPU
		{A1B2C3D4-E5F6-4A5B-8C9D-0E1F2A3B4C07}.Release|x86.ActiveCfg = Release|Any CPU
		{A1B2C3D4-E5F6-4A5B-8C9D-0E1F2A3B4C07}.Release|x86.Build.0 = Release|Any CPU
		{A1B2C3D4-E5F6-4A5B-8C9D-0E1F2A3B4C08}.Debug|Any CPU.ActiveCfg = Debug|Any CPU
		{A1B2C3D4-E5F6-4A5B-8C9D-0E1F2A3B4C08}.Debug|Any CPU.Build.0 = Debug|Any CPU
		{A1B2C3D4-E5F6-4A5B-8C9D-0E1F2A3B4C08}.Debug|x64.ActiveCfg = Debug|Any CPU
		{A1B2C3D4-E5F6-4A5B-8C9D-0E1F2A3B4C08}.Debug|x64.Build.0 = Debug|Any CPU
		{A1B2C3D4-E5F6-4A5B-8C9D-0E1F2A3B4C08}.Debug|x86.ActiveCfg = Debug|Any CPU
		{A1B2C3D4-E5F6-4A5B-8C9D-0E1F2A3B4C08}.Debug|x86.Build.0 = Debug|Any CPU
		{A1B2C3D4-E5F6-4A5B-8C9D-0E1F2A3B4C08}.Release|Any CPU.ActiveCfg = Release|Any CPU
		{A1B2C3D4-E5F6-4A5B-8C9D-0E1F2A3B4C08}.Release|Any CPU.Build.0 = Release|Any CPU
		{A1B2C3D4-E5F6-4A5B-8C9D-0E1F2A3B4C08}.Release|x64.ActiveCfg = Release|Any CPU
		{A1B2C3D4-E5F6-4A5B-8C9D-0E1F2A3B4C08}.Release|x64.Build.0 = Release|Any CPU
		{A1B2C3D4-E5F6-4A5B-8C9D-0E1F2A3B4C08}.Release|x86.ActiveCfg = Release|Any CPU
		{A1B2C3D4-E5F6-4A5B-8C9D-0E1F2A3B4C08}.Release|x86.Build.0 = Release|Any CPU
		{A1B2C3D4-E5F6-4A5B-8C9D-0E1F2A3B4C09}.Debug|Any CPU.ActiveCfg = Debug|Any CPU
		{A1B2C3D4-E5F6-4A5B-8C9D-0E1F2A3B4C09}.Debug|Any CPU.Build.0 = Debug|Any CPU
		{A1B2C3D4-E5F6-4A5B-8C9D-0E1F2A3B4C09}.Debug|x64.ActiveCfg = Debug|Any CPU
		{A1B2C3D4-E5F6-4A5B-8C9D-0E1F2A3B4C09}.Debug|x64.Build.0 = Debug|Any CPU
		{A1B2C3D4-E5F6-4A5B-8C9D-0E1F2A3B4C09}.Debug|x86.ActiveCfg = Debug|Any CPU
		{A1B2C3D4-E5F6-4A5B-8C9D-0E1F2A3B4C09}.Debug|x86.Build.0 = Debug|Any CPU
		{A1B2C3D4-E5F6-4A5B-8C9D-0E1F2A3B4C09}.Release|Any CPU.ActiveCfg = Release|Any CPU
		{A1B2C3D4-E5F6-4A5B-8C9D-0E1F2A3B4C09}.Release|Any CPU.Build.0 = Release|Any CPU
		{A1B2C3D4-E5F6-4A5B-8C9D-0E1F2A3B4C09}.Release|x64.ActiveCfg = Release|Any CPU
		{A1B2C3D4-E5F6-4A5B-8C9D-0E1F2A3B4C09}.Release|x64.Build.0 = Release|Any CPU
		{A1B2C3D4-E5F6-4A5B-8C9D-0E1F2A3B4C09}.Release|x86.ActiveCfg = Release|Any CPU
		{A1B2C3D4-E5F6-4A5B-8C9D-0E1F2A3B4C09}.Release|x86.Build.0 = Release|Any CPU
		{A1B2C3D4-E5F6-4A5B-8C9D-0E1F2A3B4C0A}.Debug|Any CPU.ActiveCfg = Debug|Any CPU
		{A1B2C3D4-E5F6-4A5B-8C9D-0E1F2A3B4C0A}.Debug|Any CPU.Build.0 = Debug|Any CPU
		{A1B2C3D4-E5F6-4A5B-8C9D-0E1F2A3B4C0A}.Debug|x64.ActiveCfg = Debug|Any CPU
		{A1B2C3D4-E5F6-4A5B-8C9D-0E1F2A3B4C0A}.Debug|x64.Build.0 = Debug|Any CPU
		{A1B2C3D4-E5F6-4A5B-8C9D-0E1F2A3B4C0A}.Debug|x86.ActiveCfg = Debug|Any CPU
		{A1B2C3D4-E5F6-4A5B-8C9D-0E1F2A3B4C0A}.Debug|x86.Build.0 = Debug|Any CPU
		{A1B2C3D4-E5F6-4A5B-8C9D-0E1F2A3B4C0A}.Release|Any CPU.ActiveCfg = Release|Any CPU
		{A1B2C3D4-E5F6-4A5B-8C9D-0E1F2A3B4C0A}.Release|Any CPU.Build.0 = Release|Any CPU
		{A1B2C3D4-E5F6-4A5B-8C9D-0E1F2A3B4C0A}.Release|x64.ActiveCfg = Release|Any CPU
		{A1B2C3D4-E5F6-4A5B-8C9D-0E1F2A3B4C0A}.Release|x64.Build.0 = Release|Any CPU
		{A1B2C3D4-E5F6-4A5B-8C9D-0E1F2A3B4C0A}.Release|x86.ActiveCfg = Release|Any CPU
		{A1B2C3D4-E5F6-4A5B-8C9D-0E1F2A3B4C0A}.Release|x86.Build.0 = Release|Any CPU
		{A1B2C3D4-E5F6-4A5B-8C9D-0E1F2A3B4C0B}.Debug|Any CPU.ActiveCfg = Debug|Any CPU
		{A1B2C3D4-E5F6-4A5B-8C9D-0E1F2A3B4C0B}.Debug|Any CPU.Build.0 = Debug|Any CPU
		{A1B2C3D4-E5F6-4A5B-8C9D-0E1F2A3B4C0B}.Debug|x64.ActiveCfg = Debug|Any CPU
		{A1B2C3D4-E5F6-4A5B-8C9D-0E1F2A3B4C0B}.Debug|x64.Build.0 = Debug|Any CPU
		{A1B2C3D4-E5F6-4A5B-8C9D-0E1F2A3B4C0B}.Debug|x86.ActiveCfg = Debug|Any CPU
		{A1B2C3D4-E5F6-4A5B-8C9D-0E1F2A3B4C0B}.Debug|x86.Build.0 = Debug|Any CPU
		{A1B2C3D4-E5F6-4A5B-8C9D-0E1F2A3B4C0B}.Release|Any CPU.ActiveCfg = Release|Any CPU
		{A1B2C3D4-E5F6-4A5B-8C9D-0E1F2A3B4C0B}.Release|Any CPU.Build.0 = Release|Any CPU
		{A1B2C3D4-E5F6-4A5B-8C9D-0E1F2A3B4C0B}.Release|x64.ActiveCfg = Release|Any CPU
		{A1B2C3D4-E5F6-4A5B-8C9D-0E1F2A3B4C0B}.Release|x64.Build.0 = Release|Any CPU
		{A1B2C3D4-E5F6-4A5B-8C9D-0E1F2A3B4C0B}.Release|x86.ActiveCfg = Release|Any CPU
		{A1B2C3D4-E5F6-4A5B-8C9D-0E1F2A3B4C0B}.Release|x86.Build.0 = Release|Any CPU
		{A1B2C3D4-E5F6-4A5B-8C9D-0E1F2A3B4C0C}.Debug|Any CPU.ActiveCfg = Debug|Any CPU
		{A1B2C3D4-E5F6-4A5B-8C9D-0E1F2A3B4C0C}.Debug|Any CPU.Build.0 = Debug|Any CPU
		{A1B2C3D4-E5F6-4A5B-8C9D-0E1F2A3B4C0C}.Debug|x64.ActiveCfg = Debug|Any CPU
		{A1B2C3D4-E5F6-4A5B-8C9D-0E1F2A3B4C0C}.Debug|x64.Build.0 = Debug|Any CPU
		{A1B2C3D4-E5F6-4A5B-8C9D-0E1F2A3B4C0C}.Debug|x86.ActiveCfg = Debug|Any CPU
		{A1B2C3D4-E5F6-4A5B-8C9D-0E1F2A3B4C0C}.Debug|x86.Build.0 = Debug|Any CPU
		{A1B2C3D4-E5F6-4A5B-8C9D-0E1F2A3B4C0C}.Release|Any CPU.ActiveCfg = Release|Any CPU
		{A1B2C3D4-E5F6-4A5B-8C9D-0E1F2A3B4C0C}.Release|Any CPU.Build.0 = Release|Any CPU
		{A1B2C3D4-E5F6-4A5B-8C9D-0E1F2A3B4C0C}.Release|x64.ActiveCfg = Release|Any CPU
		{A1B2C3D4-E5F6-4A5B-8C9D-0E1F2A3B4C0C}.Release|x64.Build.0 = Release|Any CPU
		{A1B2C3D4-E5F6-4A5B-8C9D-0E1F2A3B4C0C}.Release|x86.ActiveCfg = Release|Any CPU
		{A1B2C3D4-E5F6-4A5B-8C9D-0E1F2A3B4C0C}.Release|x86.Build.0 = Release|Any CPU
		{23B8205D-C256-4604-A824-830E4365F7D8}.Debug|Any CPU.ActiveCfg = Debug|Any CPU
		{23B8205D-C256-4604-A824-830E4365F7D8}.Debug|Any CPU.Build.0 = Debug|Any CPU
		{23B8205D-C256-4604-A824-830E4365F7D8}.Debug|x64.ActiveCfg = Debug|Any CPU
		{23B8205D-C256-4604-A824-830E4365F7D8}.Debug|x64.Build.0 = Debug|Any CPU
		{23B8205D-C256-4604-A824-830E4365F7D8}.Debug|x86.ActiveCfg = Debug|Any CPU
		{23B8205D-C256-4604-A824-830E4365F7D8}.Debug|x86.Build.0 = Debug|Any CPU
		{23B8205D-C256-4604-A824-830E4365F7D8}.Release|Any CPU.ActiveCfg = Release|Any CPU
		{23B8205D-C256-4604-A824-830E4365F7D8}.Release|Any CPU.Build.0 = Release|Any CPU
		{23B8205D-C256-4604-A824-830E4365F7D8}.Release|x64.ActiveCfg = Release|Any CPU
		{23B8205D-C256-4604-A824-830E4365F7D8}.Release|x64.Build.0 = Release|Any CPU
		{23B8205D-C256-4604-A824-830E4365F7D8}.Release|x86.ActiveCfg = Release|Any CPU
		{23B8205D-C256-4604-A824-830E4365F7D8}.Release|x86.Build.0 = Release|Any CPU
		{E3C972F6-D74C-4868-A8A7-E201A45EDA83}.Debug|Any CPU.ActiveCfg = Debug|Any CPU
		{E3C972F6-D74C-4868-A8A7-E201A45EDA83}.Debug|Any CPU.Build.0 = Debug|Any CPU
		{E3C972F6-D74C-4868-A8A7-E201A45EDA83}.Debug|x64.ActiveCfg = Debug|Any CPU
		{E3C972F6-D74C-4868-A8A7-E201A45EDA83}.Debug|x64.Build.0 = Debug|Any CPU
		{E3C972F6-D74C-4868-A8A7-E201A45EDA83}.Debug|x86.ActiveCfg = Debug|Any CPU
		{E3C972F6-D74C-4868-A8A7-E201A45EDA83}.Debug|x86.Build.0 = Debug|Any CPU
		{E3C972F6-D74C-4868-A8A7-E201A45EDA83}.Release|Any CPU.ActiveCfg = Release|Any CPU
		{E3C972F6-D74C-4868-A8A7-E201A45EDA83}.Release|Any CPU.Build.0 = Release|Any CPU
		{E3C972F6-D74C-4868-A8A7-E201A45EDA83}.Release|x64.ActiveCfg = Release|Any CPU
		{E3C972F6-D74C-4868-A8A7-E201A45EDA83}.Release|x64.Build.0 = Release|Any CPU
		{E3C972F6-D74C-4868-A8A7-E201A45EDA83}.Release|x86.ActiveCfg = Release|Any CPU
		{E3C972F6-D74C-4868-A8A7-E201A45EDA83}.Release|x86.Build.0 = Release|Any CPU
		{7AB1354B-39FC-4062-AD1A-0B55AAE811EE}.Debug|Any CPU.ActiveCfg = Debug|Any CPU
		{7AB1354B-39FC-4062-AD1A-0B55AAE811EE}.Debug|Any CPU.Build.0 = Debug|Any CPU
		{7AB1354B-39FC-4062-AD1A-0B55AAE811EE}.Debug|x64.ActiveCfg = Debug|Any CPU
		{7AB1354B-39FC-4062-AD1A-0B55AAE811EE}.Debug|x64.Build.0 = Debug|Any CPU
		{7AB1354B-39FC-4062-AD1A-0B55AAE811EE}.Debug|x86.ActiveCfg = Debug|Any CPU
		{7AB1354B-39FC-4062-AD1A-0B55AAE811EE}.Debug|x86.Build.0 = Debug|Any CPU
		{7AB1354B-39FC-4062-AD1A-0B55AAE811EE}.Release|Any CPU.ActiveCfg = Release|Any CPU
		{7AB1354B-39FC-4062-AD1A-0B55AAE811EE}.Release|Any CPU.Build.0 = Release|Any CPU
		{7AB1354B-39FC-4062-AD1A-0B55AAE811EE}.Release|x64.ActiveCfg = Release|Any CPU
		{7AB1354B-39FC-4062-AD1A-0B55AAE811EE}.Release|x64.Build.0 = Release|Any CPU
		{7AB1354B-39FC-4062-AD1A-0B55AAE811EE}.Release|x86.ActiveCfg = Release|Any CPU
		{7AB1354B-39FC-4062-AD1A-0B55AAE811EE}.Release|x86.Build.0 = Release|Any CPU
		{BAB3D6F9-BA96-47A8-874F-55898B91A1D6}.Debug|Any CPU.ActiveCfg = Debug|Any CPU
		{BAB3D6F9-BA96-47A8-874F-55898B91A1D6}.Debug|Any CPU.Build.0 = Debug|Any CPU
		{BAB3D6F9-BA96-47A8-874F-55898B91A1D6}.Debug|x64.ActiveCfg = Debug|Any CPU
		{BAB3D6F9-BA96-47A8-874F-55898B91A1D6}.Debug|x64.Build.0 = Debug|Any CPU
		{BAB3D6F9-BA96-47A8-874F-55898B91A1D6}.Debug|x86.ActiveCfg = Debug|Any CPU
		{BAB3D6F9-BA96-47A8-874F-55898B91A1D6}.Debug|x86.Build.0 = Debug|Any CPU
		{BAB3D6F9-BA96-47A8-874F-55898B91A1D6}.Release|Any CPU.ActiveCfg = Release|Any CPU
		{BAB3D6F9-BA96-47A8-874F-55898B91A1D6}.Release|Any CPU.Build.0 = Release|Any CPU
		{BAB3D6F9-BA96-47A8-874F-55898B91A1D6}.Release|x64.ActiveCfg = Release|Any CPU
		{BAB3D6F9-BA96-47A8-874F-55898B91A1D6}.Release|x64.Build.0 = Release|Any CPU
		{BAB3D6F9-BA96-47A8-874F-55898B91A1D6}.Release|x86.ActiveCfg = Release|Any CPU
		{BAB3D6F9-BA96-47A8-874F-55898B91A1D6}.Release|x86.Build.0 = Release|Any CPU
		{9B0C743E-936B-43C0-B37F-11DC2AB3F10F}.Debug|Any CPU.ActiveCfg = Debug|Any CPU
		{9B0C743E-936B-43C0-B37F-11DC2AB3F10F}.Debug|Any CPU.Build.0 = Debug|Any CPU
		{9B0C743E-936B-43C0-B37F-11DC2AB3F10F}.Debug|x64.ActiveCfg = Debug|Any CPU
		{9B0C743E-936B-43C0-B37F-11DC2AB3F10F}.Debug|x64.Build.0 = Debug|Any CPU
		{9B0C743E-936B-43C0-B37F-11DC2AB3F10F}.Debug|x86.ActiveCfg = Debug|Any CPU
		{9B0C743E-936B-43C0-B37F-11DC2AB3F10F}.Debug|x86.Build.0 = Debug|Any CPU
		{9B0C743E-936B-43C0-B37F-11DC2AB3F10F}.Release|Any CPU.ActiveCfg = Release|Any CPU
		{9B0C743E-936B-43C0-B37F-11DC2AB3F10F}.Release|Any CPU.Build.0 = Release|Any CPU
		{9B0C743E-936B-43C0-B37F-11DC2AB3F10F}.Release|x64.ActiveCfg = Release|Any CPU
		{9B0C743E-936B-43C0-B37F-11DC2AB3F10F}.Release|x64.Build.0 = Release|Any CPU
		{9B0C743E-936B-43C0-B37F-11DC2AB3F10F}.Release|x86.ActiveCfg = Release|Any CPU
		{9B0C743E-936B-43C0-B37F-11DC2AB3F10F}.Release|x86.Build.0 = Release|Any CPU
		{6BE1A06C-53FD-4D48-AE18-0234DDD2FBD4}.Debug|Any CPU.ActiveCfg = Debug|Any CPU
		{6BE1A06C-53FD-4D48-AE18-0234DDD2FBD4}.Debug|Any CPU.Build.0 = Debug|Any CPU
		{6BE1A06C-53FD-4D48-AE18-0234DDD2FBD4}.Debug|x64.ActiveCfg = Debug|Any CPU
		{6BE1A06C-53FD-4D48-AE18-0234DDD2FBD4}.Debug|x64.Build.0 = Debug|Any CPU
		{6BE1A06C-53FD-4D48-AE18-0234DDD2FBD4}.Debug|x86.ActiveCfg = Debug|Any CPU
		{6BE1A06C-53FD-4D48-AE18-0234DDD2FBD4}.Debug|x86.Build.0 = Debug|Any CPU
		{6BE1A06C-53FD-4D48-AE18-0234DDD2FBD4}.Release|Any CPU.ActiveCfg = Release|Any CPU
		{6BE1A06C-53FD-4D48-AE18-0234DDD2FBD4}.Release|Any CPU.Build.0 = Release|Any CPU
		{6BE1A06C-53FD-4D48-AE18-0234DDD2FBD4}.Release|x64.ActiveCfg = Release|Any CPU
		{6BE1A06C-53FD-4D48-AE18-0234DDD2FBD4}.Release|x64.Build.0 = Release|Any CPU
		{6BE1A06C-53FD-4D48-AE18-0234DDD2FBD4}.Release|x86.ActiveCfg = Release|Any CPU
		{6BE1A06C-53FD-4D48-AE18-0234DDD2FBD4}.Release|x86.Build.0 = Release|Any CPU
		{7C3E17C9-E7AC-403F-B57B-DB260D9B99E3}.Debug|Any CPU.ActiveCfg = Debug|Any CPU
		{7C3E17C9-E7AC-403F-B57B-DB260D9B99E3}.Debug|Any CPU.Build.0 = Debug|Any CPU
		{7C3E17C9-E7AC-403F-B57B-DB260D9B99E3}.Debug|x64.ActiveCfg = Debug|Any CPU
		{7C3E17C9-E7AC-403F-B57B-DB260D9B99E3}.Debug|x64.Build.0 = Debug|Any CPU
		{7C3E17C9-E7AC-403F-B57B-DB260D9B99E3}.Debug|x86.ActiveCfg = Debug|Any CPU
		{7C3E17C9-E7AC-403F-B57B-DB260D9B99E3}.Debug|x86.Build.0 = Debug|Any CPU
		{7C3E17C9-E7AC-403F-B57B-DB260D9B99E3}.Release|Any CPU.ActiveCfg = Release|Any CPU
		{7C3E17C9-E7AC-403F-B57B-DB260D9B99E3}.Release|Any CPU.Build.0 = Release|Any CPU
		{7C3E17C9-E7AC-403F-B57B-DB260D9B99E3}.Release|x64.ActiveCfg = Release|Any CPU
		{7C3E17C9-E7AC-403F-B57B-DB260D9B99E3}.Release|x64.Build.0 = Release|Any CPU
		{7C3E17C9-E7AC-403F-B57B-DB260D9B99E3}.Release|x86.ActiveCfg = Release|Any CPU
		{7C3E17C9-E7AC-403F-B57B-DB260D9B99E3}.Release|x86.Build.0 = Release|Any CPU
		{71A0E22C-E7AB-4658-9EE2-CD299C4018F4}.Debug|Any CPU.ActiveCfg = Debug|Any CPU
		{71A0E22C-E7AB-4658-9EE2-CD299C4018F4}.Debug|Any CPU.Build.0 = Debug|Any CPU
		{71A0E22C-E7AB-4658-9EE2-CD299C4018F4}.Debug|x64.ActiveCfg = Debug|Any CPU
		{71A0E22C-E7AB-4658-9EE2-CD299C4018F4}.Debug|x64.Build.0 = Debug|Any CPU
		{71A0E22C-E7AB-4658-9EE2-CD299C4018F4}.Debug|x86.ActiveCfg = Debug|Any CPU
		{71A0E22C-E7AB-4658-9EE2-CD299C4018F4}.Debug|x86.Build.0 = Debug|Any CPU
		{71A0E22C-E7AB-4658-9EE2-CD299C4018F4}.Release|Any CPU.ActiveCfg = Release|Any CPU
		{71A0E22C-E7AB-4658-9EE2-CD299C4018F4}.Release|Any CPU.Build.0 = Release|Any CPU
		{71A0E22C-E7AB-4658-9EE2-CD299C4018F4}.Release|x64.ActiveCfg = Release|Any CPU
		{71A0E22C-E7AB-4658-9EE2-CD299C4018F4}.Release|x64.Build.0 = Release|Any CPU
		{71A0E22C-E7AB-4658-9EE2-CD299C4018F4}.Release|x86.ActiveCfg = Release|Any CPU
		{71A0E22C-E7AB-4658-9EE2-CD299C4018F4}.Release|x86.Build.0 = Release|Any CPU
		{C2FE5B5A-799A-4A41-BDB7-F555AB5709E6}.Debug|Any CPU.ActiveCfg = Debug|Any CPU
		{C2FE5B5A-799A-4A41-BDB7-F555AB5709E6}.Debug|Any CPU.Build.0 = Debug|Any CPU
		{C2FE5B5A-799A-4A41-BDB7-F555AB5709E6}.Debug|x64.ActiveCfg = Debug|Any CPU
		{C2FE5B5A-799A-4A41-BDB7-F555AB5709E6}.Debug|x64.Build.0 = Debug|Any CPU
		{C2FE5B5A-799A-4A41-BDB7-F555AB5709E6}.Debug|x86.ActiveCfg = Debug|Any CPU
		{C2FE5B5A-799A-4A41-BDB7-F555AB5709E6}.Debug|x86.Build.0 = Debug|Any CPU
		{C2FE5B5A-799A-4A41-BDB7-F555AB5709E6}.Release|Any CPU.ActiveCfg = Release|Any CPU
		{C2FE5B5A-799A-4A41-BDB7-F555AB5709E6}.Release|Any CPU.Build.0 = Release|Any CPU
		{C2FE5B5A-799A-4A41-BDB7-F555AB5709E6}.Release|x64.ActiveCfg = Release|Any CPU
		{C2FE5B5A-799A-4A41-BDB7-F555AB5709E6}.Release|x64.Build.0 = Release|Any CPU
		{C2FE5B5A-799A-4A41-BDB7-F555AB5709E6}.Release|x86.ActiveCfg = Release|Any CPU
		{C2FE5B5A-799A-4A41-BDB7-F555AB5709E6}.Release|x86.Build.0 = Release|Any CPU
		{6C8E01DD-56FB-46A7-AF6C-D479FDB518A1}.Debug|Any CPU.ActiveCfg = Debug|Any CPU
		{6C8E01DD-56FB-46A7-AF6C-D479FDB518A1}.Debug|Any CPU.Build.0 = Debug|Any CPU
		{6C8E01DD-56FB-46A7-AF6C-D479FDB518A1}.Debug|x64.ActiveCfg = Debug|Any CPU
		{6C8E01DD-56FB-46A7-AF6C-D479FDB518A1}.Debug|x64.Build.0 = Debug|Any CPU
		{6C8E01DD-56FB-46A7-AF6C-D479FDB518A1}.Debug|x86.ActiveCfg = Debug|Any CPU
		{6C8E01DD-56FB-46A7-AF6C-D479FDB518A1}.Debug|x86.Build.0 = Debug|Any CPU
		{6C8E01DD-56FB-46A7-AF6C-D479FDB518A1}.Release|Any CPU.ActiveCfg = Release|Any CPU
		{6C8E01DD-56FB-46A7-AF6C-D479FDB518A1}.Release|Any CPU.Build.0 = Release|Any CPU
		{6C8E01DD-56FB-46A7-AF6C-D479FDB518A1}.Release|x64.ActiveCfg = Release|Any CPU
		{6C8E01DD-56FB-46A7-AF6C-D479FDB518A1}.Release|x64.Build.0 = Release|Any CPU
		{6C8E01DD-56FB-46A7-AF6C-D479FDB518A1}.Release|x86.ActiveCfg = Release|Any CPU
		{6C8E01DD-56FB-46A7-AF6C-D479FDB518A1}.Release|x86.Build.0 = Release|Any CPU
		{C3ED76E0-4356-43BB-A97E-DFE6CAE1CF1C}.Debug|Any CPU.ActiveCfg = Debug|Any CPU
		{C3ED76E0-4356-43BB-A97E-DFE6CAE1CF1C}.Debug|Any CPU.Build.0 = Debug|Any CPU
		{C3ED76E0-4356-43BB-A97E-DFE6CAE1CF1C}.Debug|x64.ActiveCfg = Debug|Any CPU
		{C3ED76E0-4356-43BB-A97E-DFE6CAE1CF1C}.Debug|x64.Build.0 = Debug|Any CPU
		{C3ED76E0-4356-43BB-A97E-DFE6CAE1CF1C}.Debug|x86.ActiveCfg = Debug|Any CPU
		{C3ED76E0-4356-43BB-A97E-DFE6CAE1CF1C}.Debug|x86.Build.0 = Debug|Any CPU
		{C3ED76E0-4356-43BB-A97E-DFE6CAE1CF1C}.Release|Any CPU.ActiveCfg = Release|Any CPU
		{C3ED76E0-4356-43BB-A97E-DFE6CAE1CF1C}.Release|Any CPU.Build.0 = Release|Any CPU
		{C3ED76E0-4356-43BB-A97E-DFE6CAE1CF1C}.Release|x64.ActiveCfg = Release|Any CPU
		{C3ED76E0-4356-43BB-A97E-DFE6CAE1CF1C}.Release|x64.Build.0 = Release|Any CPU
		{C3ED76E0-4356-43BB-A97E-DFE6CAE1CF1C}.Release|x86.ActiveCfg = Release|Any CPU
		{C3ED76E0-4356-43BB-A97E-DFE6CAE1CF1C}.Release|x86.Build.0 = Release|Any CPU
		{359DE895-03F8-4DE5-82DA-F8D9955E9D4A}.Debug|Any CPU.ActiveCfg = Debug|Any CPU
		{359DE895-03F8-4DE5-82DA-F8D9955E9D4A}.Debug|Any CPU.Build.0 = Debug|Any CPU
		{359DE895-03F8-4DE5-82DA-F8D9955E9D4A}.Debug|x64.ActiveCfg = Debug|Any CPU
		{359DE895-03F8-4DE5-82DA-F8D9955E9D4A}.Debug|x64.Build.0 = Debug|Any CPU
		{359DE895-03F8-4DE5-82DA-F8D9955E9D4A}.Debug|x86.ActiveCfg = Debug|Any CPU
		{359DE895-03F8-4DE5-82DA-F8D9955E9D4A}.Debug|x86.Build.0 = Debug|Any CPU
		{359DE895-03F8-4DE5-82DA-F8D9955E9D4A}.Release|Any CPU.ActiveCfg = Release|Any CPU
		{359DE895-03F8-4DE5-82DA-F8D9955E9D4A}.Release|Any CPU.Build.0 = Release|Any CPU
		{359DE895-03F8-4DE5-82DA-F8D9955E9D4A}.Release|x64.ActiveCfg = Release|Any CPU
		{359DE895-03F8-4DE5-82DA-F8D9955E9D4A}.Release|x64.Build.0 = Release|Any CPU
		{359DE895-03F8-4DE5-82DA-F8D9955E9D4A}.Release|x86.ActiveCfg = Release|Any CPU
		{359DE895-03F8-4DE5-82DA-F8D9955E9D4A}.Release|x86.Build.0 = Release|Any CPU
		{91B9FC47-C4FE-448C-8D3D-EE9D27A2F98D}.Debug|Any CPU.ActiveCfg = Debug|Any CPU
		{91B9FC47-C4FE-448C-8D3D-EE9D27A2F98D}.Debug|Any CPU.Build.0 = Debug|Any CPU
		{91B9FC47-C4FE-448C-8D3D-EE9D27A2F98D}.Debug|x64.ActiveCfg = Debug|Any CPU
		{91B9FC47-C4FE-448C-8D3D-EE9D27A2F98D}.Debug|x64.Build.0 = Debug|Any CPU
		{91B9FC47-C4FE-448C-8D3D-EE9D27A2F98D}.Debug|x86.ActiveCfg = Debug|Any CPU
		{91B9FC47-C4FE-448C-8D3D-EE9D27A2F98D}.Debug|x86.Build.0 = Debug|Any CPU
		{91B9FC47-C4FE-448C-8D3D-EE9D27A2F98D}.Release|Any CPU.ActiveCfg = Release|Any CPU
		{91B9FC47-C4FE-448C-8D3D-EE9D27A2F98D}.Release|Any CPU.Build.0 = Release|Any CPU
		{91B9FC47-C4FE-448C-8D3D-EE9D27A2F98D}.Release|x64.ActiveCfg = Release|Any CPU
		{91B9FC47-C4FE-448C-8D3D-EE9D27A2F98D}.Release|x64.Build.0 = Release|Any CPU
		{91B9FC47-C4FE-448C-8D3D-EE9D27A2F98D}.Release|x86.ActiveCfg = Release|Any CPU
		{91B9FC47-C4FE-448C-8D3D-EE9D27A2F98D}.Release|x86.Build.0 = Release|Any CPU
		{D5A42F8A-4D55-404D-AC19-4D5CBAA5736F}.Debug|Any CPU.ActiveCfg = Debug|Any CPU
		{D5A42F8A-4D55-404D-AC19-4D5CBAA5736F}.Debug|Any CPU.Build.0 = Debug|Any CPU
		{D5A42F8A-4D55-404D-AC19-4D5CBAA5736F}.Debug|x64.ActiveCfg = Debug|Any CPU
		{D5A42F8A-4D55-404D-AC19-4D5CBAA5736F}.Debug|x64.Build.0 = Debug|Any CPU
		{D5A42F8A-4D55-404D-AC19-4D5CBAA5736F}.Debug|x86.ActiveCfg = Debug|Any CPU
		{D5A42F8A-4D55-404D-AC19-4D5CBAA5736F}.Debug|x86.Build.0 = Debug|Any CPU
		{D5A42F8A-4D55-404D-AC19-4D5CBAA5736F}.Release|Any CPU.ActiveCfg = Release|Any CPU
		{D5A42F8A-4D55-404D-AC19-4D5CBAA5736F}.Release|Any CPU.Build.0 = Release|Any CPU
		{D5A42F8A-4D55-404D-AC19-4D5CBAA5736F}.Release|x64.ActiveCfg = Release|Any CPU
		{D5A42F8A-4D55-404D-AC19-4D5CBAA5736F}.Release|x64.Build.0 = Release|Any CPU
		{D5A42F8A-4D55-404D-AC19-4D5CBAA5736F}.Release|x86.ActiveCfg = Release|Any CPU
		{D5A42F8A-4D55-404D-AC19-4D5CBAA5736F}.Release|x86.Build.0 = Release|Any CPU
		{3A312947-5A60-4B01-9275-FE15368EF042}.Debug|Any CPU.ActiveCfg = Debug|Any CPU
		{3A312947-5A60-4B01-9275-FE15368EF042}.Debug|Any CPU.Build.0 = Debug|Any CPU
		{3A312947-5A60-4B01-9275-FE15368EF042}.Debug|x64.ActiveCfg = Debug|Any CPU
		{3A312947-5A60-4B01-9275-FE15368EF042}.Debug|x64.Build.0 = Debug|Any CPU
		{3A312947-5A60-4B01-9275-FE15368EF042}.Debug|x86.ActiveCfg = Debug|Any CPU
		{3A312947-5A60-4B01-9275-FE15368EF042}.Debug|x86.Build.0 = Debug|Any CPU
		{3A312947-5A60-4B01-9275-FE15368EF042}.Release|Any CPU.ActiveCfg = Release|Any CPU
		{3A312947-5A60-4B01-9275-FE15368EF042}.Release|Any CPU.Build.0 = Release|Any CPU
		{3A312947-5A60-4B01-9275-FE15368EF042}.Release|x64.ActiveCfg = Release|Any CPU
		{3A312947-5A60-4B01-9275-FE15368EF042}.Release|x64.Build.0 = Release|Any CPU
		{3A312947-5A60-4B01-9275-FE15368EF042}.Release|x86.ActiveCfg = Release|Any CPU
		{3A312947-5A60-4B01-9275-FE15368EF042}.Release|x86.Build.0 = Release|Any CPU
		{298064A7-5612-4737-A772-6611AE0C46A0}.Debug|Any CPU.ActiveCfg = Debug|Any CPU
		{298064A7-5612-4737-A772-6611AE0C46A0}.Debug|Any CPU.Build.0 = Debug|Any CPU
		{298064A7-5612-4737-A772-6611AE0C46A0}.Debug|x64.ActiveCfg = Debug|Any CPU
		{298064A7-5612-4737-A772-6611AE0C46A0}.Debug|x64.Build.0 = Debug|Any CPU
		{298064A7-5612-4737-A772-6611AE0C46A0}.Debug|x86.ActiveCfg = Debug|Any CPU
		{298064A7-5612-4737-A772-6611AE0C46A0}.Debug|x86.Build.0 = Debug|Any CPU
		{298064A7-5612-4737-A772-6611AE0C46A0}.Release|Any CPU.ActiveCfg = Release|Any CPU
		{298064A7-5612-4737-A772-6611AE0C46A0}.Release|Any CPU.Build.0 = Release|Any CPU
		{298064A7-5612-4737-A772-6611AE0C46A0}.Release|x64.ActiveCfg = Release|Any CPU
		{298064A7-5612-4737-A772-6611AE0C46A0}.Release|x64.Build.0 = Release|Any CPU
		{298064A7-5612-4737-A772-6611AE0C46A0}.Release|x86.ActiveCfg = Release|Any CPU
		{298064A7-5612-4737-A772-6611AE0C46A0}.Release|x86.Build.0 = Release|Any CPU
		{F5F5DDDB-4007-414A-804F-6DD05888E15D}.Debug|Any CPU.ActiveCfg = Debug|Any CPU
		{F5F5DDDB-4007-414A-804F-6DD05888E15D}.Debug|Any CPU.Build.0 = Debug|Any CPU
		{F5F5DDDB-4007-414A-804F-6DD05888E15D}.Debug|x64.ActiveCfg = Debug|Any CPU
		{F5F5DDDB-4007-414A-804F-6DD05888E15D}.Debug|x64.Build.0 = Debug|Any CPU
		{F5F5DDDB-4007-414A-804F-6DD05888E15D}.Debug|x86.ActiveCfg = Debug|Any CPU
		{F5F5DDDB-4007-414A-804F-6DD05888E15D}.Debug|x86.Build.0 = Debug|Any CPU
		{F5F5DDDB-4007-414A-804F-6DD05888E15D}.Release|Any CPU.ActiveCfg = Release|Any CPU
		{F5F5DDDB-4007-414A-804F-6DD05888E15D}.Release|Any CPU.Build.0 = Release|Any CPU
		{F5F5DDDB-4007-414A-804F-6DD05888E15D}.Release|x64.ActiveCfg = Release|Any CPU
		{F5F5DDDB-4007-414A-804F-6DD05888E15D}.Release|x64.Build.0 = Release|Any CPU
		{F5F5DDDB-4007-414A-804F-6DD05888E15D}.Release|x86.ActiveCfg = Release|Any CPU
		{F5F5DDDB-4007-414A-804F-6DD05888E15D}.Release|x86.Build.0 = Release|Any CPU
		{421537FB-FC51-48DB-9E52-BB91BD3BC1C5}.Debug|Any CPU.ActiveCfg = Debug|Any CPU
		{421537FB-FC51-48DB-9E52-BB91BD3BC1C5}.Debug|Any CPU.Build.0 = Debug|Any CPU
		{421537FB-FC51-48DB-9E52-BB91BD3BC1C5}.Debug|x64.ActiveCfg = Debug|Any CPU
		{421537FB-FC51-48DB-9E52-BB91BD3BC1C5}.Debug|x64.Build.0 = Debug|Any CPU
		{421537FB-FC51-48DB-9E52-BB91BD3BC1C5}.Debug|x86.ActiveCfg = Debug|Any CPU
		{421537FB-FC51-48DB-9E52-BB91BD3BC1C5}.Debug|x86.Build.0 = Debug|Any CPU
		{421537FB-FC51-48DB-9E52-BB91BD3BC1C5}.Release|Any CPU.ActiveCfg = Release|Any CPU
		{421537FB-FC51-48DB-9E52-BB91BD3BC1C5}.Release|Any CPU.Build.0 = Release|Any CPU
		{421537FB-FC51-48DB-9E52-BB91BD3BC1C5}.Release|x64.ActiveCfg = Release|Any CPU
		{421537FB-FC51-48DB-9E52-BB91BD3BC1C5}.Release|x64.Build.0 = Release|Any CPU
		{421537FB-FC51-48DB-9E52-BB91BD3BC1C5}.Release|x86.ActiveCfg = Release|Any CPU
		{421537FB-FC51-48DB-9E52-BB91BD3BC1C5}.Release|x86.Build.0 = Release|Any CPU
		{1A14D8BA-404D-43E4-8FB8-575FEB675B13}.Debug|Any CPU.ActiveCfg = Debug|Any CPU
		{1A14D8BA-404D-43E4-8FB8-575FEB675B13}.Debug|Any CPU.Build.0 = Debug|Any CPU
		{1A14D8BA-404D-43E4-8FB8-575FEB675B13}.Debug|x64.ActiveCfg = Debug|Any CPU
		{1A14D8BA-404D-43E4-8FB8-575FEB675B13}.Debug|x64.Build.0 = Debug|Any CPU
		{1A14D8BA-404D-43E4-8FB8-575FEB675B13}.Debug|x86.ActiveCfg = Debug|Any CPU
		{1A14D8BA-404D-43E4-8FB8-575FEB675B13}.Debug|x86.Build.0 = Debug|Any CPU
		{1A14D8BA-404D-43E4-8FB8-575FEB675B13}.Release|Any CPU.ActiveCfg = Release|Any CPU
		{1A14D8BA-404D-43E4-8FB8-575FEB675B13}.Release|Any CPU.Build.0 = Release|Any CPU
		{1A14D8BA-404D-43E4-8FB8-575FEB675B13}.Release|x64.ActiveCfg = Release|Any CPU
		{1A14D8BA-404D-43E4-8FB8-575FEB675B13}.Release|x64.Build.0 = Release|Any CPU
		{1A14D8BA-404D-43E4-8FB8-575FEB675B13}.Release|x86.ActiveCfg = Release|Any CPU
		{1A14D8BA-404D-43E4-8FB8-575FEB675B13}.Release|x86.Build.0 = Release|Any CPU
		{99CB54EF-BA60-4230-AC19-13C6BD7575DB}.Debug|Any CPU.ActiveCfg = Debug|Any CPU
		{99CB54EF-BA60-4230-AC19-13C6BD7575DB}.Debug|Any CPU.Build.0 = Debug|Any CPU
		{99CB54EF-BA60-4230-AC19-13C6BD7575DB}.Debug|x64.ActiveCfg = Debug|Any CPU
		{99CB54EF-BA60-4230-AC19-13C6BD7575DB}.Debug|x64.Build.0 = Debug|Any CPU
		{99CB54EF-BA60-4230-AC19-13C6BD7575DB}.Debug|x86.ActiveCfg = Debug|Any CPU
		{99CB54EF-BA60-4230-AC19-13C6BD7575DB}.Debug|x86.Build.0 = Debug|Any CPU
		{99CB54EF-BA60-4230-AC19-13C6BD7575DB}.Release|Any CPU.ActiveCfg = Release|Any CPU
		{99CB54EF-BA60-4230-AC19-13C6BD7575DB}.Release|Any CPU.Build.0 = Release|Any CPU
		{99CB54EF-BA60-4230-AC19-13C6BD7575DB}.Release|x64.ActiveCfg = Release|Any CPU
		{99CB54EF-BA60-4230-AC19-13C6BD7575DB}.Release|x64.Build.0 = Release|Any CPU
		{99CB54EF-BA60-4230-AC19-13C6BD7575DB}.Release|x86.ActiveCfg = Release|Any CPU
		{99CB54EF-BA60-4230-AC19-13C6BD7575DB}.Release|x86.Build.0 = Release|Any CPU
		{F7DA9BDA-4A37-4CA5-BD8B-38D6D7B0DA17}.Debug|Any CPU.ActiveCfg = Debug|Any CPU
		{F7DA9BDA-4A37-4CA5-BD8B-38D6D7B0DA17}.Debug|Any CPU.Build.0 = Debug|Any CPU
		{F7DA9BDA-4A37-4CA5-BD8B-38D6D7B0DA17}.Debug|x64.ActiveCfg = Debug|Any CPU
		{F7DA9BDA-4A37-4CA5-BD8B-38D6D7B0DA17}.Debug|x64.Build.0 = Debug|Any CPU
		{F7DA9BDA-4A37-4CA5-BD8B-38D6D7B0DA17}.Debug|x86.ActiveCfg = Debug|Any CPU
		{F7DA9BDA-4A37-4CA5-BD8B-38D6D7B0DA17}.Debug|x86.Build.0 = Debug|Any CPU
		{F7DA9BDA-4A37-4CA5-BD8B-38D6D7B0DA17}.Release|Any CPU.ActiveCfg = Release|Any CPU
		{F7DA9BDA-4A37-4CA5-BD8B-38D6D7B0DA17}.Release|Any CPU.Build.0 = Release|Any CPU
		{F7DA9BDA-4A37-4CA5-BD8B-38D6D7B0DA17}.Release|x64.ActiveCfg = Release|Any CPU
		{F7DA9BDA-4A37-4CA5-BD8B-38D6D7B0DA17}.Release|x64.Build.0 = Release|Any CPU
		{F7DA9BDA-4A37-4CA5-BD8B-38D6D7B0DA17}.Release|x86.ActiveCfg = Release|Any CPU
		{F7DA9BDA-4A37-4CA5-BD8B-38D6D7B0DA17}.Release|x86.Build.0 = Release|Any CPU
		{381B927C-E240-4967-9FF0-70B09CB51D93}.Debug|Any CPU.ActiveCfg = Debug|Any CPU
		{381B927C-E240-4967-9FF0-70B09CB51D93}.Debug|Any CPU.Build.0 = Debug|Any CPU
		{381B927C-E240-4967-9FF0-70B09CB51D93}.Debug|x64.ActiveCfg = Debug|Any CPU
		{381B927C-E240-4967-9FF0-70B09CB51D93}.Debug|x64.Build.0 = Debug|Any CPU
		{381B927C-E240-4967-9FF0-70B09CB51D93}.Debug|x86.ActiveCfg = Debug|Any CPU
		{381B927C-E240-4967-9FF0-70B09CB51D93}.Debug|x86.Build.0 = Debug|Any CPU
		{381B927C-E240-4967-9FF0-70B09CB51D93}.Release|Any CPU.ActiveCfg = Release|Any CPU
		{381B927C-E240-4967-9FF0-70B09CB51D93}.Release|Any CPU.Build.0 = Release|Any CPU
		{381B927C-E240-4967-9FF0-70B09CB51D93}.Release|x64.ActiveCfg = Release|Any CPU
		{381B927C-E240-4967-9FF0-70B09CB51D93}.Release|x64.Build.0 = Release|Any CPU
		{381B927C-E240-4967-9FF0-70B09CB51D93}.Release|x86.ActiveCfg = Release|Any CPU
		{381B927C-E240-4967-9FF0-70B09CB51D93}.Release|x86.Build.0 = Release|Any CPU
		{06CD81E8-4D72-43BF-A6B3-7730991C2A9F}.Debug|Any CPU.ActiveCfg = Debug|Any CPU
		{06CD81E8-4D72-43BF-A6B3-7730991C2A9F}.Debug|Any CPU.Build.0 = Debug|Any CPU
		{06CD81E8-4D72-43BF-A6B3-7730991C2A9F}.Debug|x64.ActiveCfg = Debug|Any CPU
		{06CD81E8-4D72-43BF-A6B3-7730991C2A9F}.Debug|x64.Build.0 = Debug|Any CPU
		{06CD81E8-4D72-43BF-A6B3-7730991C2A9F}.Debug|x86.ActiveCfg = Debug|Any CPU
		{06CD81E8-4D72-43BF-A6B3-7730991C2A9F}.Debug|x86.Build.0 = Debug|Any CPU
		{06CD81E8-4D72-43BF-A6B3-7730991C2A9F}.Release|Any CPU.ActiveCfg = Release|Any CPU
		{06CD81E8-4D72-43BF-A6B3-7730991C2A9F}.Release|Any CPU.Build.0 = Release|Any CPU
		{06CD81E8-4D72-43BF-A6B3-7730991C2A9F}.Release|x64.ActiveCfg = Release|Any CPU
		{06CD81E8-4D72-43BF-A6B3-7730991C2A9F}.Release|x64.Build.0 = Release|Any CPU
		{06CD81E8-4D72-43BF-A6B3-7730991C2A9F}.Release|x86.ActiveCfg = Release|Any CPU
		{06CD81E8-4D72-43BF-A6B3-7730991C2A9F}.Release|x86.Build.0 = Release|Any CPU
	EndGlobalSection
	GlobalSection(SolutionProperties) = preSolution
		HideSolutionNode = FALSE
	EndGlobalSection
	GlobalSection(NestedProjects) = preSolution
		{5B7800DA-4F27-D549-7B13-D06F33AE47BF} = {827E0CD3-B72D-47B6-A68D-7590B98EB39B}
		{50E9AAF1-C44D-4245-B611-B808FC94AC25} = {5B7800DA-4F27-D549-7B13-D06F33AE47BF}
		{23B8205D-C256-4604-A824-830E4365F7D8} = {50E9AAF1-C44D-4245-B611-B808FC94AC25}
		{26C290AE-B74F-4AA4-C322-D2CAB96C8938} = {50E9AAF1-C44D-4245-B611-B808FC94AC25}
		{E3C972F6-D74C-4868-A8A7-E201A45EDA83} = {26C290AE-B74F-4AA4-C322-D2CAB96C8938}
		{C8E42992-5E42-0C2B-DBFE-AA848D06431C} = {827E0CD3-B72D-47B6-A68D-7590B98EB39B}
		{8A42B749-7AEC-F68C-F1FF-556CA2FB68D6} = {C8E42992-5E42-0C2B-DBFE-AA848D06431C}
		{7AB1354B-39FC-4062-AD1A-0B55AAE811EE} = {26C290AE-B74F-4AA4-C322-D2CAB96C8938}
		{41C37856-84DD-28DD-978A-08E543FA9966} = {C8E42992-5E42-0C2B-DBFE-AA848D06431C}
		{C2829EAC-9F26-1C05-052D-5309DAB440A5} = {50E9AAF1-C44D-4245-B611-B808FC94AC25}
		{BAB3D6F9-BA96-47A8-874F-55898B91A1D6} = {C2829EAC-9F26-1C05-052D-5309DAB440A5}
		{9B0C743E-936B-43C0-B37F-11DC2AB3F10F} = {C2829EAC-9F26-1C05-052D-5309DAB440A5}
		{6BE1A06C-53FD-4D48-AE18-0234DDD2FBD4} = {26C290AE-B74F-4AA4-C322-D2CAB96C8938}
		{7C3E17C9-E7AC-403F-B57B-DB260D9B99E3} = {C2829EAC-9F26-1C05-052D-5309DAB440A5}
		{71A0E22C-E7AB-4658-9EE2-CD299C4018F4} = {50E9AAF1-C44D-4245-B611-B808FC94AC25}
		{E2271F62-42DE-32A2-31F3-92E3707BBCC8} = {91DB166F-8FA8-D710-9FF9-784B929F57E0}
		{C2FE5B5A-799A-4A41-BDB7-F555AB5709E6} = {E2271F62-42DE-32A2-31F3-92E3707BBCC8}
		{6C8E01DD-56FB-46A7-AF6C-D479FDB518A1} = {25AB9BA9-C6F4-74E0-6BA6-37970269C7CD}
		{C3ED76E0-4356-43BB-A97E-DFE6CAE1CF1C} = {25AB9BA9-C6F4-74E0-6BA6-37970269C7CD}
		{359DE895-03F8-4DE5-82DA-F8D9955E9D4A} = {BF499AF0-BCB5-95A5-5331-BB4299F53C9E}
		{91B9FC47-C4FE-448C-8D3D-EE9D27A2F98D} = {BF499AF0-BCB5-95A5-5331-BB4299F53C9E}
		{D5A42F8A-4D55-404D-AC19-4D5CBAA5736F} = {BF499AF0-BCB5-95A5-5331-BB4299F53C9E}
		{25AB9BA9-C6F4-74E0-6BA6-37970269C7CD} = {E2271F62-42DE-32A2-31F3-92E3707BBCC8}
		{BF499AF0-BCB5-95A5-5331-BB4299F53C9E} = {E2271F62-42DE-32A2-31F3-92E3707BBCC8}
		{3A312947-5A60-4B01-9275-FE15368EF042} = {E2271F62-42DE-32A2-31F3-92E3707BBCC8}
		{DF38E342-0ABA-9DD7-08A5-0DCAED45F908} = {C8E42992-5E42-0C2B-DBFE-AA848D06431C}
		{298064A7-5612-4737-A772-6611AE0C46A0} = {DF38E342-0ABA-9DD7-08A5-0DCAED45F908}
		{E7096D9E-8BA6-5E68-0D3E-7E11964629C6} = {5B7800DA-4F27-D549-7B13-D06F33AE47BF}
		{E14E9D16-2336-D3F2-F218-CFCD0DC88023} = {E7096D9E-8BA6-5E68-0D3E-7E11964629C6}
		{F5F5DDDB-4007-414A-804F-6DD05888E15D} = {E14E9D16-2336-D3F2-F218-CFCD0DC88023}
		{787DA0AD-3D3B-0DD6-1A1C-FE7C0458172C} = {E7096D9E-8BA6-5E68-0D3E-7E11964629C6}
		{421537FB-FC51-48DB-9E52-BB91BD3BC1C5} = {787DA0AD-3D3B-0DD6-1A1C-FE7C0458172C}
		{34573A7A-EEDA-544E-E1DF-C7D62797AD62} = {E7096D9E-8BA6-5E68-0D3E-7E11964629C6}
		{1A14D8BA-404D-43E4-8FB8-575FEB675B13} = {34573A7A-EEDA-544E-E1DF-C7D62797AD62}
		{6E78CEDF-57C6-06A7-C6E2-26FEF3D12F91} = {E7096D9E-8BA6-5E68-0D3E-7E11964629C6}
		{99CB54EF-BA60-4230-AC19-13C6BD7575DB} = {6E78CEDF-57C6-06A7-C6E2-26FEF3D12F91}
		{F7DA9BDA-4A37-4CA5-BD8B-38D6D7B0DA17} = {6E78CEDF-57C6-06A7-C6E2-26FEF3D12F91}
		{381B927C-E240-4967-9FF0-70B09CB51D93} = {E7096D9E-8BA6-5E68-0D3E-7E11964629C6}
		{C7BD0ECF-5F24-CFFA-DDD4-C28A8EDDB5E4} = {E7096D9E-8BA6-5E68-0D3E-7E11964629C6}
		{06CD81E8-4D72-43BF-A6B3-7730991C2A9F} = {C7BD0ECF-5F24-CFFA-DDD4-C28A8EDDB5E4}
	EndGlobalSection
EndGlobal
